// !$*UTF8*$!
{
	archiveVersion = 1;
	classes = {
	};
	objectVersion = 50;
	objects = {

/* Begin PBXBuildFile section */
		E9081158242CA34C00835623 /* AboutView.swift in Sources */ = {isa = PBXBuildFile; fileRef = E9081157242CA34B00835623 /* AboutView.swift */; };
		E908115B242CD97A00835623 /* StoreKit.framework in Frameworks */ = {isa = PBXBuildFile; fileRef = E908115A242CD97A00835623 /* StoreKit.framework */; };
		E9081160242CEF7A00835623 /* apiKeys.plist in Resources */ = {isa = PBXBuildFile; fileRef = E908115F242CEF7900835623 /* apiKeys.plist */; };
		E9081162242DD93700835623 /* iAPView.swift in Sources */ = {isa = PBXBuildFile; fileRef = E9081161242DD93700835623 /* iAPView.swift */; };
		E9081166242DFB8000835623 /* iap_productIDs.plist in Resources */ = {isa = PBXBuildFile; fileRef = E9081165242DFB8000835623 /* iap_productIDs.plist */; };
		E9081168242E01BF00835623 /* IAPManager.swift in Sources */ = {isa = PBXBuildFile; fileRef = E9081167242E01BF00835623 /* IAPManager.swift */; };
		E908116A242E33FA00835623 /* ProductView.swift in Sources */ = {isa = PBXBuildFile; fileRef = E9081169242E33FA00835623 /* ProductView.swift */; };
		E90CD7CD2420EBD100BA5274 /* CalculationsListView.swift in Sources */ = {isa = PBXBuildFile; fileRef = E90CD7CC2420EBD100BA5274 /* CalculationsListView.swift */; };
		E90CD7D02421026400BA5274 /* Calculation.swift in Sources */ = {isa = PBXBuildFile; fileRef = E90CD7CF2421026400BA5274 /* Calculation.swift */; };
		E90CD7D92421126400BA5274 /* JsonData.swift in Sources */ = {isa = PBXBuildFile; fileRef = E90CD7D82421126400BA5274 /* JsonData.swift */; };
		E90CD7DB24214DB600BA5274 /* CalculationsHeader.swift in Sources */ = {isa = PBXBuildFile; fileRef = E90CD7DA24214DB600BA5274 /* CalculationsHeader.swift */; };
		E90CD7DD24214DF100BA5274 /* CalculationsCell.swift in Sources */ = {isa = PBXBuildFile; fileRef = E90CD7DC24214DF100BA5274 /* CalculationsCell.swift */; };
		E90F7AB22423849A00C31994 /* SectionView.swift in Sources */ = {isa = PBXBuildFile; fileRef = E90F7AB12423849A00C31994 /* SectionView.swift */; };
		E90F7AB42423B1F200C31994 /* ResultView.swift in Sources */ = {isa = PBXBuildFile; fileRef = E90F7AB32423B1F200C31994 /* ResultView.swift */; };
		E91260852428059E00B2C8A2 /* .gitignore in Resources */ = {isa = PBXBuildFile; fileRef = E91260842428059E00B2C8A2 /* .gitignore */; };
		E918A0132434CE85006B2BB6 /* ViewExtensions.swift in Sources */ = {isa = PBXBuildFile; fileRef = E918A0122434CE85006B2BB6 /* ViewExtensions.swift */; };
		E918A0162435C3ED006B2BB6 /* KeyboardController.swift in Sources */ = {isa = PBXBuildFile; fileRef = E918A0152435C3ED006B2BB6 /* KeyboardController.swift */; };
		E918A01A24360A00006B2BB6 /* KeyboardButtonRow.swift in Sources */ = {isa = PBXBuildFile; fileRef = E918A01924360A00006B2BB6 /* KeyboardButtonRow.swift */; };
		E922B83724375559005511E5 /* iAPSheetView.swift in Sources */ = {isa = PBXBuildFile; fileRef = E922B83624375559005511E5 /* iAPSheetView.swift */; };
		E922B83B2439CC86005511E5 /* UINavigationBarExtension.swift in Sources */ = {isa = PBXBuildFile; fileRef = E922B83A2439CC86005511E5 /* UINavigationBarExtension.swift */; };
		E93388FE242A5120007B7A51 /* EditDefaultsView.swift in Sources */ = {isa = PBXBuildFile; fileRef = E93388FD242A5120007B7A51 /* EditDefaultsView.swift */; };
		E938011E2424B94E00BA196F /* Calculator.swift in Sources */ = {isa = PBXBuildFile; fileRef = E938011D2424B94E00BA196F /* Calculator.swift */; };
		E940F0F4242B3F0000BA2090 /* CalculationHost.swift in Sources */ = {isa = PBXBuildFile; fileRef = E940F0F3242B3EFF00BA2090 /* CalculationHost.swift */; };
		E940F0F6242B650200BA2090 /* SettingsListView.swift in Sources */ = {isa = PBXBuildFile; fileRef = E940F0F5242B650200BA2090 /* SettingsListView.swift */; };
		E940F0F8242B67FA00BA2090 /* PrivacyPolicyView.swift in Sources */ = {isa = PBXBuildFile; fileRef = E940F0F7242B67FA00BA2090 /* PrivacyPolicyView.swift */; };
		E951B3022423584000316662 /* FavoriteCellView.swift in Sources */ = {isa = PBXBuildFile; fileRef = E951B3012423584000316662 /* FavoriteCellView.swift */; };
		E951B3052423597800316662 /* StarButton.swift in Sources */ = {isa = PBXBuildFile; fileRef = E951B3042423597800316662 /* StarButton.swift */; };
		E99D93042428B74F009305BB /* NoFavoritesView.swift in Sources */ = {isa = PBXBuildFile; fileRef = E99D93032428B74F009305BB /* NoFavoritesView.swift */; };
		E9A663E6243E0D4B009F854F /* Spinner.swift in Sources */ = {isa = PBXBuildFile; fileRef = E9A663E5243E0D4B009F854F /* Spinner.swift */; };
		E9AF6A2F243BA7560044A8DF /* FavoritesListView.swift in Sources */ = {isa = PBXBuildFile; fileRef = E9AF6A2E243BA7560044A8DF /* FavoritesListView.swift */; };
		E9AF6A33243DBF740044A8DF /* ColorExtension.swift in Sources */ = {isa = PBXBuildFile; fileRef = E9AF6A32243DBF730044A8DF /* ColorExtension.swift */; };
		E9B13E482420C7BC00DE8BC5 /* AppDelegate.swift in Sources */ = {isa = PBXBuildFile; fileRef = E9B13E472420C7BC00DE8BC5 /* AppDelegate.swift */; };
		E9B13E4A2420C7BC00DE8BC5 /* SceneDelegate.swift in Sources */ = {isa = PBXBuildFile; fileRef = E9B13E492420C7BC00DE8BC5 /* SceneDelegate.swift */; };
		E9B13E4C2420C7BC00DE8BC5 /* ContentView.swift in Sources */ = {isa = PBXBuildFile; fileRef = E9B13E4B2420C7BC00DE8BC5 /* ContentView.swift */; };
		E9B13E4E2420C7BF00DE8BC5 /* Assets.xcassets in Resources */ = {isa = PBXBuildFile; fileRef = E9B13E4D2420C7BF00DE8BC5 /* Assets.xcassets */; };
		E9B13E512420C7BF00DE8BC5 /* Preview Assets.xcassets in Resources */ = {isa = PBXBuildFile; fileRef = E9B13E502420C7BF00DE8BC5 /* Preview Assets.xcassets */; };
		E9B13E542420C7BF00DE8BC5 /* LaunchScreen.storyboard in Resources */ = {isa = PBXBuildFile; fileRef = E9B13E522420C7BF00DE8BC5 /* LaunchScreen.storyboard */; };
		E9B13E5F2420C7BF00DE8BC5 /* _00_Percent_CalculatorTests.swift in Sources */ = {isa = PBXBuildFile; fileRef = E9B13E5E2420C7BF00DE8BC5 /* _00_Percent_CalculatorTests.swift */; };
		E9CC79292422B0930016D1A0 /* FavoritesView.swift in Sources */ = {isa = PBXBuildFile; fileRef = E9CC79282422B0930016D1A0 /* FavoritesView.swift */; };
		E9D3DDBB24220C400009DF21 /* CalculationView.swift in Sources */ = {isa = PBXBuildFile; fileRef = E9D3DDBA24220C400009DF21 /* CalculationView.swift */; };
		E9D3DDBD24221E590009DF21 /* UserSettings.swift in Sources */ = {isa = PBXBuildFile; fileRef = E9D3DDBC24221E590009DF21 /* UserSettings.swift */; };
		E9DE21D824325FCB00D6B35F /* ViewModifiers.swift in Sources */ = {isa = PBXBuildFile; fileRef = E9DE21D724325FCB00D6B35F /* ViewModifiers.swift */; };
		E9DF92F92444617600A167D6 /* Localizable.strings in Resources */ = {isa = PBXBuildFile; fileRef = E9DF92FB2444617600A167D6 /* Localizable.strings */; };
		E9DF92FE24447EAF00A167D6 /* CalculationsData.json in Resources */ = {isa = PBXBuildFile; fileRef = E9DF930024447EAF00A167D6 /* CalculationsData.json */; };
/* End PBXBuildFile section */

/* Begin PBXContainerItemProxy section */
		E9B13E5B2420C7BF00DE8BC5 /* PBXContainerItemProxy */ = {
			isa = PBXContainerItemProxy;
			containerPortal = E9B13E3C2420C7BC00DE8BC5 /* Project object */;
			proxyType = 1;
			remoteGlobalIDString = E9B13E432420C7BC00DE8BC5;
			remoteInfo = "100 Percent Calculator";
		};
/* End PBXContainerItemProxy section */

/* Begin PBXFileReference section */
		E9081157242CA34B00835623 /* AboutView.swift */ = {isa = PBXFileReference; lastKnownFileType = sourcecode.swift; path = AboutView.swift; sourceTree = "<group>"; };
		E908115A242CD97A00835623 /* StoreKit.framework */ = {isa = PBXFileReference; lastKnownFileType = wrapper.framework; name = StoreKit.framework; path = System/Library/Frameworks/StoreKit.framework; sourceTree = SDKROOT; };
		E908115F242CEF7900835623 /* apiKeys.plist */ = {isa = PBXFileReference; lastKnownFileType = text.plist.xml; name = apiKeys.plist; path = ../apiKeys.plist; sourceTree = "<group>"; };
		E9081161242DD93700835623 /* iAPView.swift */ = {isa = PBXFileReference; lastKnownFileType = sourcecode.swift; path = iAPView.swift; sourceTree = "<group>"; };
		E9081165242DFB8000835623 /* iap_productIDs.plist */ = {isa = PBXFileReference; lastKnownFileType = text.plist.xml; path = iap_productIDs.plist; sourceTree = "<group>"; };
		E9081167242E01BF00835623 /* IAPManager.swift */ = {isa = PBXFileReference; lastKnownFileType = sourcecode.swift; path = IAPManager.swift; sourceTree = "<group>"; };
		E9081169242E33FA00835623 /* ProductView.swift */ = {isa = PBXFileReference; lastKnownFileType = sourcecode.swift; path = ProductView.swift; sourceTree = "<group>"; };
		E90CD7CC2420EBD100BA5274 /* CalculationsListView.swift */ = {isa = PBXFileReference; lastKnownFileType = sourcecode.swift; path = CalculationsListView.swift; sourceTree = "<group>"; };
		E90CD7CF2421026400BA5274 /* Calculation.swift */ = {isa = PBXFileReference; lastKnownFileType = sourcecode.swift; path = Calculation.swift; sourceTree = "<group>"; };
		E90CD7D82421126400BA5274 /* JsonData.swift */ = {isa = PBXFileReference; lastKnownFileType = sourcecode.swift; path = JsonData.swift; sourceTree = "<group>"; };
		E90CD7DA24214DB600BA5274 /* CalculationsHeader.swift */ = {isa = PBXFileReference; lastKnownFileType = sourcecode.swift; path = CalculationsHeader.swift; sourceTree = "<group>"; };
		E90CD7DC24214DF100BA5274 /* CalculationsCell.swift */ = {isa = PBXFileReference; lastKnownFileType = sourcecode.swift; path = CalculationsCell.swift; sourceTree = "<group>"; };
		E90F7AB12423849A00C31994 /* SectionView.swift */ = {isa = PBXFileReference; lastKnownFileType = sourcecode.swift; path = SectionView.swift; sourceTree = "<group>"; };
		E90F7AB32423B1F200C31994 /* ResultView.swift */ = {isa = PBXFileReference; lastKnownFileType = sourcecode.swift; path = ResultView.swift; sourceTree = "<group>"; };
		E91260842428059E00B2C8A2 /* .gitignore */ = {isa = PBXFileReference; lastKnownFileType = text; path = .gitignore; sourceTree = "<group>"; };
		E918A0122434CE85006B2BB6 /* ViewExtensions.swift */ = {isa = PBXFileReference; lastKnownFileType = sourcecode.swift; path = ViewExtensions.swift; sourceTree = "<group>"; };
		E918A0152435C3ED006B2BB6 /* KeyboardController.swift */ = {isa = PBXFileReference; lastKnownFileType = sourcecode.swift; path = KeyboardController.swift; sourceTree = "<group>"; };
		E918A01924360A00006B2BB6 /* KeyboardButtonRow.swift */ = {isa = PBXFileReference; lastKnownFileType = sourcecode.swift; path = KeyboardButtonRow.swift; sourceTree = "<group>"; };
		E922B83624375559005511E5 /* iAPSheetView.swift */ = {isa = PBXFileReference; lastKnownFileType = sourcecode.swift; path = iAPSheetView.swift; sourceTree = "<group>"; };
		E922B83A2439CC86005511E5 /* UINavigationBarExtension.swift */ = {isa = PBXFileReference; lastKnownFileType = sourcecode.swift; path = UINavigationBarExtension.swift; sourceTree = "<group>"; };
		E93388FD242A5120007B7A51 /* EditDefaultsView.swift */ = {isa = PBXFileReference; lastKnownFileType = sourcecode.swift; path = EditDefaultsView.swift; sourceTree = "<group>"; };
		E938011D2424B94E00BA196F /* Calculator.swift */ = {isa = PBXFileReference; lastKnownFileType = sourcecode.swift; path = Calculator.swift; sourceTree = "<group>"; };
		E940F0F3242B3EFF00BA2090 /* CalculationHost.swift */ = {isa = PBXFileReference; lastKnownFileType = sourcecode.swift; path = CalculationHost.swift; sourceTree = "<group>"; };
		E940F0F5242B650200BA2090 /* SettingsListView.swift */ = {isa = PBXFileReference; lastKnownFileType = sourcecode.swift; path = SettingsListView.swift; sourceTree = "<group>"; };
		E940F0F7242B67FA00BA2090 /* PrivacyPolicyView.swift */ = {isa = PBXFileReference; lastKnownFileType = sourcecode.swift; path = PrivacyPolicyView.swift; sourceTree = "<group>"; };
		E951B3012423584000316662 /* FavoriteCellView.swift */ = {isa = PBXFileReference; lastKnownFileType = sourcecode.swift; path = FavoriteCellView.swift; sourceTree = "<group>"; };
		E951B3042423597800316662 /* StarButton.swift */ = {isa = PBXFileReference; lastKnownFileType = sourcecode.swift; path = StarButton.swift; sourceTree = "<group>"; };
		E99D93032428B74F009305BB /* NoFavoritesView.swift */ = {isa = PBXFileReference; lastKnownFileType = sourcecode.swift; path = NoFavoritesView.swift; sourceTree = "<group>"; };
		E9A663E5243E0D4B009F854F /* Spinner.swift */ = {isa = PBXFileReference; lastKnownFileType = sourcecode.swift; path = Spinner.swift; sourceTree = "<group>"; };
		E9AF6A2E243BA7560044A8DF /* FavoritesListView.swift */ = {isa = PBXFileReference; lastKnownFileType = sourcecode.swift; path = FavoritesListView.swift; sourceTree = "<group>"; };
		E9AF6A32243DBF730044A8DF /* ColorExtension.swift */ = {isa = PBXFileReference; lastKnownFileType = sourcecode.swift; path = ColorExtension.swift; sourceTree = "<group>"; };
		E9B13E442420C7BC00DE8BC5 /* 100 Percent Calculator.app */ = {isa = PBXFileReference; explicitFileType = wrapper.application; includeInIndex = 0; path = "100 Percent Calculator.app"; sourceTree = BUILT_PRODUCTS_DIR; };
		E9B13E472420C7BC00DE8BC5 /* AppDelegate.swift */ = {isa = PBXFileReference; lastKnownFileType = sourcecode.swift; path = AppDelegate.swift; sourceTree = "<group>"; };
		E9B13E492420C7BC00DE8BC5 /* SceneDelegate.swift */ = {isa = PBXFileReference; lastKnownFileType = sourcecode.swift; path = SceneDelegate.swift; sourceTree = "<group>"; };
		E9B13E4B2420C7BC00DE8BC5 /* ContentView.swift */ = {isa = PBXFileReference; lastKnownFileType = sourcecode.swift; path = ContentView.swift; sourceTree = "<group>"; };
		E9B13E4D2420C7BF00DE8BC5 /* Assets.xcassets */ = {isa = PBXFileReference; lastKnownFileType = folder.assetcatalog; path = Assets.xcassets; sourceTree = "<group>"; };
		E9B13E502420C7BF00DE8BC5 /* Preview Assets.xcassets */ = {isa = PBXFileReference; lastKnownFileType = folder.assetcatalog; path = "Preview Assets.xcassets"; sourceTree = "<group>"; };
		E9B13E532420C7BF00DE8BC5 /* Base */ = {isa = PBXFileReference; lastKnownFileType = file.storyboard; name = Base; path = Base.lproj/LaunchScreen.storyboard; sourceTree = "<group>"; };
		E9B13E552420C7BF00DE8BC5 /* Info.plist */ = {isa = PBXFileReference; lastKnownFileType = text.plist.xml; path = Info.plist; sourceTree = "<group>"; };
		E9B13E5A2420C7BF00DE8BC5 /* 100 Percent CalculatorTests.xctest */ = {isa = PBXFileReference; explicitFileType = wrapper.cfbundle; includeInIndex = 0; path = "100 Percent CalculatorTests.xctest"; sourceTree = BUILT_PRODUCTS_DIR; };
		E9B13E5E2420C7BF00DE8BC5 /* _00_Percent_CalculatorTests.swift */ = {isa = PBXFileReference; lastKnownFileType = sourcecode.swift; path = _00_Percent_CalculatorTests.swift; sourceTree = "<group>"; };
		E9B13E602420C7BF00DE8BC5 /* Info.plist */ = {isa = PBXFileReference; lastKnownFileType = text.plist.xml; path = Info.plist; sourceTree = "<group>"; };
		E9CC79282422B0930016D1A0 /* FavoritesView.swift */ = {isa = PBXFileReference; lastKnownFileType = sourcecode.swift; path = FavoritesView.swift; sourceTree = "<group>"; };
		E9D3DDBA24220C400009DF21 /* CalculationView.swift */ = {isa = PBXFileReference; lastKnownFileType = sourcecode.swift; path = CalculationView.swift; sourceTree = "<group>"; };
		E9D3DDBC24221E590009DF21 /* UserSettings.swift */ = {isa = PBXFileReference; lastKnownFileType = sourcecode.swift; path = UserSettings.swift; sourceTree = "<group>"; };
		E9DE21D724325FCB00D6B35F /* ViewModifiers.swift */ = {isa = PBXFileReference; lastKnownFileType = sourcecode.swift; path = ViewModifiers.swift; sourceTree = "<group>"; };
		E9DF92FA2444617600A167D6 /* en */ = {isa = PBXFileReference; lastKnownFileType = text.plist.strings; name = en; path = en.lproj/Localizable.strings; sourceTree = "<group>"; };
		E9DF92FC244461BC00A167D6 /* nb */ = {isa = PBXFileReference; lastKnownFileType = text.plist.strings; name = nb; path = nb.lproj/LaunchScreen.strings; sourceTree = "<group>"; };
		E9DF92FD244461BC00A167D6 /* nb */ = {isa = PBXFileReference; lastKnownFileType = text.plist.strings; name = nb; path = nb.lproj/Localizable.strings; sourceTree = "<group>"; };
		E9DF92FF24447EAF00A167D6 /* nb */ = {isa = PBXFileReference; lastKnownFileType = text.json; name = nb; path = nb.lproj/CalculationsData.json; sourceTree = "<group>"; };
		E9DF930124447F6500A167D6 /* en */ = {isa = PBXFileReference; lastKnownFileType = text.json; name = en; path = en.lproj/CalculationsData.json; sourceTree = "<group>"; };
/* End PBXFileReference section */

/* Begin PBXFrameworksBuildPhase section */
		E9B13E412420C7BC00DE8BC5 /* Frameworks */ = {
			isa = PBXFrameworksBuildPhase;
			buildActionMask = 2147483647;
			files = (
				E908115B242CD97A00835623 /* StoreKit.framework in Frameworks */,
			);
			runOnlyForDeploymentPostprocessing = 0;
		};
		E9B13E572420C7BF00DE8BC5 /* Frameworks */ = {
			isa = PBXFrameworksBuildPhase;
			buildActionMask = 2147483647;
			files = (
			);
			runOnlyForDeploymentPostprocessing = 0;
		};
/* End PBXFrameworksBuildPhase section */

/* Begin PBXGroup section */
		E9081159242CD97A00835623 /* Frameworks */ = {
			isa = PBXGroup;
			children = (
				E908115A242CD97A00835623 /* StoreKit.framework */,
			);
			name = Frameworks;
			sourceTree = "<group>";
		};
		E90CD7C52420E47300BA5274 /* Data */ = {
			isa = PBXGroup;
			children = (
				E9DF930024447EAF00A167D6 /* CalculationsData.json */,
				E9081165242DFB8000835623 /* iap_productIDs.plist */,
				E908115F242CEF7900835623 /* apiKeys.plist */,
			);
			path = Data;
			sourceTree = "<group>";
		};
		E90CD7C82420EBA800BA5274 /* Views */ = {
			isa = PBXGroup;
			children = (
				E9DE21D724325FCB00D6B35F /* ViewModifiers.swift */,
				E922B83524375545005511E5 /* Sheets */,
				E90CD7CB2420EBC000BA5274 /* Settings */,
				E90CD7CA2420EBBA00BA5274 /* Favorites */,
				E90CD7C92420EBB400BA5274 /* Calculations */,
			);
			path = Views;
			sourceTree = "<group>";
		};
		E90CD7C92420EBB400BA5274 /* Calculations */ = {
			isa = PBXGroup;
			children = (
				E9D3DDB924220C350009DF21 /* Calculation */,
				E90CD7CC2420EBD100BA5274 /* CalculationsListView.swift */,
				E90CD7DA24214DB600BA5274 /* CalculationsHeader.swift */,
				E90CD7DC24214DF100BA5274 /* CalculationsCell.swift */,
			);
			path = Calculations;
			sourceTree = "<group>";
		};
		E90CD7CA2420EBBA00BA5274 /* Favorites */ = {
			isa = PBXGroup;
			children = (
				E9CC79282422B0930016D1A0 /* FavoritesView.swift */,
				E951B3012423584000316662 /* FavoriteCellView.swift */,
				E99D93032428B74F009305BB /* NoFavoritesView.swift */,
				E9AF6A2E243BA7560044A8DF /* FavoritesListView.swift */,
			);
			path = Favorites;
			sourceTree = "<group>";
		};
		E90CD7CB2420EBC000BA5274 /* Settings */ = {
			isa = PBXGroup;
			children = (
				E940F0F5242B650200BA2090 /* SettingsListView.swift */,
				E940F0F7242B67FA00BA2090 /* PrivacyPolicyView.swift */,
				E9081157242CA34B00835623 /* AboutView.swift */,
				E9081161242DD93700835623 /* iAPView.swift */,
				E9081169242E33FA00835623 /* ProductView.swift */,
			);
			path = Settings;
			sourceTree = "<group>";
		};
		E90CD7CE2420FF6C00BA5274 /* Models */ = {
			isa = PBXGroup;
			children = (
				E90CD7CF2421026400BA5274 /* Calculation.swift */,
				E90CD7D82421126400BA5274 /* JsonData.swift */,
				E9D3DDBC24221E590009DF21 /* UserSettings.swift */,
				E938011D2424B94E00BA196F /* Calculator.swift */,
				E9081167242E01BF00835623 /* IAPManager.swift */,
			);
			path = Models;
			sourceTree = "<group>";
		};
		E90F7AB02423848A00C31994 /* Form */ = {
			isa = PBXGroup;
			children = (
				E90F7AB12423849A00C31994 /* SectionView.swift */,
				E90F7AB32423B1F200C31994 /* ResultView.swift */,
			);
			path = Form;
			sourceTree = "<group>";
		};
		E918A0112434CE6E006B2BB6 /* Extensions */ = {
			isa = PBXGroup;
			children = (
				E918A0122434CE85006B2BB6 /* ViewExtensions.swift */,
				E922B83A2439CC86005511E5 /* UINavigationBarExtension.swift */,
				E9AF6A32243DBF730044A8DF /* ColorExtension.swift */,
			);
			path = Extensions;
			sourceTree = "<group>";
		};
		E918A0142435C3AC006B2BB6 /* Helpers */ = {
			isa = PBXGroup;
			children = (
				E918A0152435C3ED006B2BB6 /* KeyboardController.swift */,
			);
			path = Helpers;
			sourceTree = "<group>";
		};
		E922B83524375545005511E5 /* Sheets */ = {
			isa = PBXGroup;
			children = (
				E922B83624375559005511E5 /* iAPSheetView.swift */,
			);
			path = Sheets;
			sourceTree = "<group>";
		};
		E951B30624235B5600316662 /* Components */ = {
			isa = PBXGroup;
			children = (
				E90F7AB02423848A00C31994 /* Form */,
				E951B3042423597800316662 /* StarButton.swift */,
				E918A01924360A00006B2BB6 /* KeyboardButtonRow.swift */,
				E9A663E5243E0D4B009F854F /* Spinner.swift */,
			);
			path = Components;
			sourceTree = "<group>";
		};
		E9B13E3B2420C7BC00DE8BC5 = {
			isa = PBXGroup;
			children = (
				E9B13E462420C7BC00DE8BC5 /* 100 Percent Calculator */,
				E9B13E5D2420C7BF00DE8BC5 /* 100 Percent CalculatorTests */,
				E9B13E452420C7BC00DE8BC5 /* Products */,
				E9081159242CD97A00835623 /* Frameworks */,
			);
			sourceTree = "<group>";
		};
		E9B13E452420C7BC00DE8BC5 /* Products */ = {
			isa = PBXGroup;
			children = (
				E9B13E442420C7BC00DE8BC5 /* 100 Percent Calculator.app */,
				E9B13E5A2420C7BF00DE8BC5 /* 100 Percent CalculatorTests.xctest */,
			);
			name = Products;
			sourceTree = "<group>";
		};
		E9B13E462420C7BC00DE8BC5 /* 100 Percent Calculator */ = {
			isa = PBXGroup;
			children = (
				E918A0142435C3AC006B2BB6 /* Helpers */,
				E918A0112434CE6E006B2BB6 /* Extensions */,
				E951B30624235B5600316662 /* Components */,
				E90CD7CE2420FF6C00BA5274 /* Models */,
				E90CD7C82420EBA800BA5274 /* Views */,
				E90CD7C52420E47300BA5274 /* Data */,
				E9B13E472420C7BC00DE8BC5 /* AppDelegate.swift */,
				E9B13E492420C7BC00DE8BC5 /* SceneDelegate.swift */,
				E9B13E4B2420C7BC00DE8BC5 /* ContentView.swift */,
				E9B13E4D2420C7BF00DE8BC5 /* Assets.xcassets */,
				E9B13E522420C7BF00DE8BC5 /* LaunchScreen.storyboard */,
				E9B13E552420C7BF00DE8BC5 /* Info.plist */,
				E9B13E4F2420C7BF00DE8BC5 /* Preview Content */,
				E91260842428059E00B2C8A2 /* .gitignore */,
				E9DF92FB2444617600A167D6 /* Localizable.strings */,
			);
			path = "100 Percent Calculator";
			sourceTree = "<group>";
		};
		E9B13E4F2420C7BF00DE8BC5 /* Preview Content */ = {
			isa = PBXGroup;
			children = (
				E9B13E502420C7BF00DE8BC5 /* Preview Assets.xcassets */,
			);
			path = "Preview Content";
			sourceTree = "<group>";
		};
		E9B13E5D2420C7BF00DE8BC5 /* 100 Percent CalculatorTests */ = {
			isa = PBXGroup;
			children = (
				E9B13E5E2420C7BF00DE8BC5 /* _00_Percent_CalculatorTests.swift */,
				E9B13E602420C7BF00DE8BC5 /* Info.plist */,
			);
			path = "100 Percent CalculatorTests";
			sourceTree = "<group>";
		};
		E9D3DDB924220C350009DF21 /* Calculation */ = {
			isa = PBXGroup;
			children = (
				E9D3DDBA24220C400009DF21 /* CalculationView.swift */,
				E93388FD242A5120007B7A51 /* EditDefaultsView.swift */,
				E940F0F3242B3EFF00BA2090 /* CalculationHost.swift */,
			);
			path = Calculation;
			sourceTree = "<group>";
		};
/* End PBXGroup section */

/* Begin PBXNativeTarget section */
		E9B13E432420C7BC00DE8BC5 /* 100 Percent Calculator */ = {
			isa = PBXNativeTarget;
			buildConfigurationList = E9B13E632420C7BF00DE8BC5 /* Build configuration list for PBXNativeTarget "100 Percent Calculator" */;
			buildPhases = (
				E9B13E402420C7BC00DE8BC5 /* Sources */,
				E9B13E412420C7BC00DE8BC5 /* Frameworks */,
				E9B13E422420C7BC00DE8BC5 /* Resources */,
			);
			buildRules = (
			);
			dependencies = (
			);
			name = "100 Percent Calculator";
			packageProductDependencies = (
			);
			productName = "100 Percent Calculator";
			productReference = E9B13E442420C7BC00DE8BC5 /* 100 Percent Calculator.app */;
			productType = "com.apple.product-type.application";
		};
		E9B13E592420C7BF00DE8BC5 /* 100 Percent CalculatorTests */ = {
			isa = PBXNativeTarget;
			buildConfigurationList = E9B13E662420C7BF00DE8BC5 /* Build configuration list for PBXNativeTarget "100 Percent CalculatorTests" */;
			buildPhases = (
				E9B13E562420C7BF00DE8BC5 /* Sources */,
				E9B13E572420C7BF00DE8BC5 /* Frameworks */,
				E9B13E582420C7BF00DE8BC5 /* Resources */,
			);
			buildRules = (
			);
			dependencies = (
				E9B13E5C2420C7BF00DE8BC5 /* PBXTargetDependency */,
			);
			name = "100 Percent CalculatorTests";
			productName = "100 Percent CalculatorTests";
			productReference = E9B13E5A2420C7BF00DE8BC5 /* 100 Percent CalculatorTests.xctest */;
			productType = "com.apple.product-type.bundle.unit-test";
		};
/* End PBXNativeTarget section */

/* Begin PBXProject section */
		E9B13E3C2420C7BC00DE8BC5 /* Project object */ = {
			isa = PBXProject;
			attributes = {
				LastSwiftUpdateCheck = 1130;
				LastUpgradeCheck = 1130;
				ORGANIZATIONNAME = Appkokeriet;
				TargetAttributes = {
					E9B13E432420C7BC00DE8BC5 = {
						CreatedOnToolsVersion = 11.3.1;
					};
					E9B13E592420C7BF00DE8BC5 = {
						CreatedOnToolsVersion = 11.3.1;
						TestTargetID = E9B13E432420C7BC00DE8BC5;
					};
				};
			};
			buildConfigurationList = E9B13E3F2420C7BC00DE8BC5 /* Build configuration list for PBXProject "100 Percent Calculator" */;
			compatibilityVersion = "Xcode 9.3";
			developmentRegion = en;
			hasScannedForEncodings = 0;
			knownRegions = (
				en,
				Base,
				nb,
			);
			mainGroup = E9B13E3B2420C7BC00DE8BC5;
			packageReferences = (
			);
			productRefGroup = E9B13E452420C7BC00DE8BC5 /* Products */;
			projectDirPath = "";
			projectRoot = "";
			targets = (
				E9B13E432420C7BC00DE8BC5 /* 100 Percent Calculator */,
				E9B13E592420C7BF00DE8BC5 /* 100 Percent CalculatorTests */,
			);
		};
/* End PBXProject section */

/* Begin PBXResourcesBuildPhase section */
		E9B13E422420C7BC00DE8BC5 /* Resources */ = {
			isa = PBXResourcesBuildPhase;
			buildActionMask = 2147483647;
			files = (
				E91260852428059E00B2C8A2 /* .gitignore in Resources */,
				E9081160242CEF7A00835623 /* apiKeys.plist in Resources */,
				E9B13E542420C7BF00DE8BC5 /* LaunchScreen.storyboard in Resources */,
				E9B13E512420C7BF00DE8BC5 /* Preview Assets.xcassets in Resources */,
				E9081166242DFB8000835623 /* iap_productIDs.plist in Resources */,
				E9DF92F92444617600A167D6 /* Localizable.strings in Resources */,
				E9B13E4E2420C7BF00DE8BC5 /* Assets.xcassets in Resources */,
				E9DF92FE24447EAF00A167D6 /* CalculationsData.json in Resources */,
			);
			runOnlyForDeploymentPostprocessing = 0;
		};
		E9B13E582420C7BF00DE8BC5 /* Resources */ = {
			isa = PBXResourcesBuildPhase;
			buildActionMask = 2147483647;
			files = (
			);
			runOnlyForDeploymentPostprocessing = 0;
		};
/* End PBXResourcesBuildPhase section */

/* Begin PBXSourcesBuildPhase section */
		E9B13E402420C7BC00DE8BC5 /* Sources */ = {
			isa = PBXSourcesBuildPhase;
			buildActionMask = 2147483647;
			files = (
				E951B3052423597800316662 /* StarButton.swift in Sources */,
				E951B3022423584000316662 /* FavoriteCellView.swift in Sources */,
				E99D93042428B74F009305BB /* NoFavoritesView.swift in Sources */,
				E90F7AB42423B1F200C31994 /* ResultView.swift in Sources */,
				E9CC79292422B0930016D1A0 /* FavoritesView.swift in Sources */,
				E918A01A24360A00006B2BB6 /* KeyboardButtonRow.swift in Sources */,
				E9081168242E01BF00835623 /* IAPManager.swift in Sources */,
				E922B83724375559005511E5 /* iAPSheetView.swift in Sources */,
				E9B13E482420C7BC00DE8BC5 /* AppDelegate.swift in Sources */,
				E938011E2424B94E00BA196F /* Calculator.swift in Sources */,
				E9B13E4A2420C7BC00DE8BC5 /* SceneDelegate.swift in Sources */,
				E940F0F4242B3F0000BA2090 /* CalculationHost.swift in Sources */,
				E9B13E4C2420C7BC00DE8BC5 /* ContentView.swift in Sources */,
				E9D3DDBD24221E590009DF21 /* UserSettings.swift in Sources */,
				E90CD7DD24214DF100BA5274 /* CalculationsCell.swift in Sources */,
				E9081158242CA34C00835623 /* AboutView.swift in Sources */,
				E9AF6A2F243BA7560044A8DF /* FavoritesListView.swift in Sources */,
				E940F0F6242B650200BA2090 /* SettingsListView.swift in Sources */,
				E90CD7D92421126400BA5274 /* JsonData.swift in Sources */,
				E940F0F8242B67FA00BA2090 /* PrivacyPolicyView.swift in Sources */,
				E908116A242E33FA00835623 /* ProductView.swift in Sources */,
				E90CD7CD2420EBD100BA5274 /* CalculationsListView.swift in Sources */,
				E9AF6A33243DBF740044A8DF /* ColorExtension.swift in Sources */,
				E9A663E6243E0D4B009F854F /* Spinner.swift in Sources */,
				E90F7AB22423849A00C31994 /* SectionView.swift in Sources */,
				E9DE21D824325FCB00D6B35F /* ViewModifiers.swift in Sources */,
				E918A0132434CE85006B2BB6 /* ViewExtensions.swift in Sources */,
				E922B83B2439CC86005511E5 /* UINavigationBarExtension.swift in Sources */,
				E93388FE242A5120007B7A51 /* EditDefaultsView.swift in Sources */,
				E90CD7D02421026400BA5274 /* Calculation.swift in Sources */,
				E9081162242DD93700835623 /* iAPView.swift in Sources */,
				E9D3DDBB24220C400009DF21 /* CalculationView.swift in Sources */,
				E918A0162435C3ED006B2BB6 /* KeyboardController.swift in Sources */,
				E90CD7DB24214DB600BA5274 /* CalculationsHeader.swift in Sources */,
			);
			runOnlyForDeploymentPostprocessing = 0;
		};
		E9B13E562420C7BF00DE8BC5 /* Sources */ = {
			isa = PBXSourcesBuildPhase;
			buildActionMask = 2147483647;
			files = (
				E9B13E5F2420C7BF00DE8BC5 /* _00_Percent_CalculatorTests.swift in Sources */,
			);
			runOnlyForDeploymentPostprocessing = 0;
		};
/* End PBXSourcesBuildPhase section */

/* Begin PBXTargetDependency section */
		E9B13E5C2420C7BF00DE8BC5 /* PBXTargetDependency */ = {
			isa = PBXTargetDependency;
			target = E9B13E432420C7BC00DE8BC5 /* 100 Percent Calculator */;
			targetProxy = E9B13E5B2420C7BF00DE8BC5 /* PBXContainerItemProxy */;
		};
/* End PBXTargetDependency section */

/* Begin PBXVariantGroup section */
		E9B13E522420C7BF00DE8BC5 /* LaunchScreen.storyboard */ = {
			isa = PBXVariantGroup;
			children = (
				E9B13E532420C7BF00DE8BC5 /* Base */,
				E9DF92FC244461BC00A167D6 /* nb */,
			);
			name = LaunchScreen.storyboard;
			sourceTree = "<group>";
		};
		E9DF92FB2444617600A167D6 /* Localizable.strings */ = {
			isa = PBXVariantGroup;
			children = (
				E9DF92FA2444617600A167D6 /* en */,
				E9DF92FD244461BC00A167D6 /* nb */,
			);
			name = Localizable.strings;
			sourceTree = "<group>";
		};
		E9DF930024447EAF00A167D6 /* CalculationsData.json */ = {
			isa = PBXVariantGroup;
			children = (
				E9DF92FF24447EAF00A167D6 /* nb */,
				E9DF930124447F6500A167D6 /* en */,
			);
			name = CalculationsData.json;
			sourceTree = "<group>";
		};
/* End PBXVariantGroup section */

/* Begin XCBuildConfiguration section */
		E9B13E612420C7BF00DE8BC5 /* Debug */ = {
			isa = XCBuildConfiguration;
			buildSettings = {
				ALWAYS_SEARCH_USER_PATHS = NO;
				CLANG_ANALYZER_LOCALIZABILITY_NONLOCALIZED = YES;
				CLANG_ANALYZER_NONNULL = YES;
				CLANG_ANALYZER_NUMBER_OBJECT_CONVERSION = YES_AGGRESSIVE;
				CLANG_CXX_LANGUAGE_STANDARD = "gnu++14";
				CLANG_CXX_LIBRARY = "libc++";
				CLANG_ENABLE_MODULES = YES;
				CLANG_ENABLE_OBJC_ARC = YES;
				CLANG_ENABLE_OBJC_WEAK = YES;
				CLANG_WARN_BLOCK_CAPTURE_AUTORELEASING = YES;
				CLANG_WARN_BOOL_CONVERSION = YES;
				CLANG_WARN_COMMA = YES;
				CLANG_WARN_CONSTANT_CONVERSION = YES;
				CLANG_WARN_DEPRECATED_OBJC_IMPLEMENTATIONS = YES;
				CLANG_WARN_DIRECT_OBJC_ISA_USAGE = YES_ERROR;
				CLANG_WARN_DOCUMENTATION_COMMENTS = YES;
				CLANG_WARN_EMPTY_BODY = YES;
				CLANG_WARN_ENUM_CONVERSION = YES;
				CLANG_WARN_INFINITE_RECURSION = YES;
				CLANG_WARN_INT_CONVERSION = YES;
				CLANG_WARN_NON_LITERAL_NULL_CONVERSION = YES;
				CLANG_WARN_OBJC_IMPLICIT_RETAIN_SELF = YES;
				CLANG_WARN_OBJC_LITERAL_CONVERSION = YES;
				CLANG_WARN_OBJC_ROOT_CLASS = YES_ERROR;
				CLANG_WARN_RANGE_LOOP_ANALYSIS = YES;
				CLANG_WARN_STRICT_PROTOTYPES = YES;
				CLANG_WARN_SUSPICIOUS_MOVE = YES;
				CLANG_WARN_UNGUARDED_AVAILABILITY = YES_AGGRESSIVE;
				CLANG_WARN_UNREACHABLE_CODE = YES;
				CLANG_WARN__DUPLICATE_METHOD_MATCH = YES;
				COPY_PHASE_STRIP = NO;
				DEBUG_INFORMATION_FORMAT = dwarf;
				ENABLE_STRICT_OBJC_MSGSEND = YES;
				ENABLE_TESTABILITY = YES;
				GCC_C_LANGUAGE_STANDARD = gnu11;
				GCC_DYNAMIC_NO_PIC = NO;
				GCC_NO_COMMON_BLOCKS = YES;
				GCC_OPTIMIZATION_LEVEL = 0;
				GCC_PREPROCESSOR_DEFINITIONS = (
					"DEBUG=1",
					"$(inherited)",
				);
				GCC_WARN_64_TO_32_BIT_CONVERSION = YES;
				GCC_WARN_ABOUT_RETURN_TYPE = YES_ERROR;
				GCC_WARN_UNDECLARED_SELECTOR = YES;
				GCC_WARN_UNINITIALIZED_AUTOS = YES_AGGRESSIVE;
				GCC_WARN_UNUSED_FUNCTION = YES;
				GCC_WARN_UNUSED_VARIABLE = YES;
				IPHONEOS_DEPLOYMENT_TARGET = 13.2;
				MTL_ENABLE_DEBUG_INFO = INCLUDE_SOURCE;
				MTL_FAST_MATH = YES;
				ONLY_ACTIVE_ARCH = YES;
				SDKROOT = iphoneos;
				SWIFT_ACTIVE_COMPILATION_CONDITIONS = DEBUG;
				SWIFT_OPTIMIZATION_LEVEL = "-Onone";
			};
			name = Debug;
		};
		E9B13E622420C7BF00DE8BC5 /* Release */ = {
			isa = XCBuildConfiguration;
			buildSettings = {
				ALWAYS_SEARCH_USER_PATHS = NO;
				CLANG_ANALYZER_LOCALIZABILITY_NONLOCALIZED = YES;
				CLANG_ANALYZER_NONNULL = YES;
				CLANG_ANALYZER_NUMBER_OBJECT_CONVERSION = YES_AGGRESSIVE;
				CLANG_CXX_LANGUAGE_STANDARD = "gnu++14";
				CLANG_CXX_LIBRARY = "libc++";
				CLANG_ENABLE_MODULES = YES;
				CLANG_ENABLE_OBJC_ARC = YES;
				CLANG_ENABLE_OBJC_WEAK = YES;
				CLANG_WARN_BLOCK_CAPTURE_AUTORELEASING = YES;
				CLANG_WARN_BOOL_CONVERSION = YES;
				CLANG_WARN_COMMA = YES;
				CLANG_WARN_CONSTANT_CONVERSION = YES;
				CLANG_WARN_DEPRECATED_OBJC_IMPLEMENTATIONS = YES;
				CLANG_WARN_DIRECT_OBJC_ISA_USAGE = YES_ERROR;
				CLANG_WARN_DOCUMENTATION_COMMENTS = YES;
				CLANG_WARN_EMPTY_BODY = YES;
				CLANG_WARN_ENUM_CONVERSION = YES;
				CLANG_WARN_INFINITE_RECURSION = YES;
				CLANG_WARN_INT_CONVERSION = YES;
				CLANG_WARN_NON_LITERAL_NULL_CONVERSION = YES;
				CLANG_WARN_OBJC_IMPLICIT_RETAIN_SELF = YES;
				CLANG_WARN_OBJC_LITERAL_CONVERSION = YES;
				CLANG_WARN_OBJC_ROOT_CLASS = YES_ERROR;
				CLANG_WARN_RANGE_LOOP_ANALYSIS = YES;
				CLANG_WARN_STRICT_PROTOTYPES = YES;
				CLANG_WARN_SUSPICIOUS_MOVE = YES;
				CLANG_WARN_UNGUARDED_AVAILABILITY = YES_AGGRESSIVE;
				CLANG_WARN_UNREACHABLE_CODE = YES;
				CLANG_WARN__DUPLICATE_METHOD_MATCH = YES;
				COPY_PHASE_STRIP = NO;
				DEBUG_INFORMATION_FORMAT = "dwarf-with-dsym";
				ENABLE_NS_ASSERTIONS = NO;
				ENABLE_STRICT_OBJC_MSGSEND = YES;
				GCC_C_LANGUAGE_STANDARD = gnu11;
				GCC_NO_COMMON_BLOCKS = YES;
				GCC_WARN_64_TO_32_BIT_CONVERSION = YES;
				GCC_WARN_ABOUT_RETURN_TYPE = YES_ERROR;
				GCC_WARN_UNDECLARED_SELECTOR = YES;
				GCC_WARN_UNINITIALIZED_AUTOS = YES_AGGRESSIVE;
				GCC_WARN_UNUSED_FUNCTION = YES;
				GCC_WARN_UNUSED_VARIABLE = YES;
				IPHONEOS_DEPLOYMENT_TARGET = 13.2;
				MTL_ENABLE_DEBUG_INFO = NO;
				MTL_FAST_MATH = YES;
				SDKROOT = iphoneos;
				SWIFT_COMPILATION_MODE = wholemodule;
				SWIFT_OPTIMIZATION_LEVEL = "-O";
				VALIDATE_PRODUCT = YES;
			};
			name = Release;
		};
		E9B13E642420C7BF00DE8BC5 /* Debug */ = {
			isa = XCBuildConfiguration;
			buildSettings = {
				ASSETCATALOG_COMPILER_APPICON_NAME = AppIcon;
				CODE_SIGN_STYLE = Automatic;
				DEVELOPMENT_ASSET_PATHS = "\"100 Percent Calculator/Preview Content\"";
				DEVELOPMENT_TEAM = 4Z57UTV2LU;
				ENABLE_PREVIEWS = YES;
				INFOPLIST_FILE = "100 Percent Calculator/Info.plist";
				LD_RUNPATH_SEARCH_PATHS = (
					"$(inherited)",
					"@executable_path/Frameworks",
				);
				MARKETING_VERSION = 2.0;
				PRODUCT_BUNDLE_IDENTIFIER = com.Appkokeriet.100PercentCalculator;
				PRODUCT_NAME = "$(TARGET_NAME)";
				SWIFT_VERSION = 5.0;
				TARGETED_DEVICE_FAMILY = "1,2";
			};
			name = Debug;
		};
		E9B13E652420C7BF00DE8BC5 /* Release */ = {
			isa = XCBuildConfiguration;
			buildSettings = {
				ASSETCATALOG_COMPILER_APPICON_NAME = AppIcon;
				CODE_SIGN_STYLE = Automatic;
				DEVELOPMENT_ASSET_PATHS = "\"100 Percent Calculator/Preview Content\"";
				DEVELOPMENT_TEAM = 4Z57UTV2LU;
				ENABLE_PREVIEWS = YES;
				INFOPLIST_FILE = "100 Percent Calculator/Info.plist";
				LD_RUNPATH_SEARCH_PATHS = (
					"$(inherited)",
					"@executable_path/Frameworks",
				);
				MARKETING_VERSION = 2.0;
				PRODUCT_BUNDLE_IDENTIFIER = com.Appkokeriet.100PercentCalculator;
				PRODUCT_NAME = "$(TARGET_NAME)";
				SWIFT_VERSION = 5.0;
				TARGETED_DEVICE_FAMILY = "1,2";
			};
			name = Release;
		};
		E9B13E672420C7BF00DE8BC5 /* Debug */ = {
			isa = XCBuildConfiguration;
			buildSettings = {
				ALWAYS_EMBED_SWIFT_STANDARD_LIBRARIES = YES;
				BUNDLE_LOADER = "$(TEST_HOST)";
				CODE_SIGN_STYLE = Automatic;
				DEVELOPMENT_TEAM = 4Z57UTV2LU;
				INFOPLIST_FILE = "100 Percent CalculatorTests/Info.plist";
				IPHONEOS_DEPLOYMENT_TARGET = 13.2;
				LD_RUNPATH_SEARCH_PATHS = (
					"$(inherited)",
					"@executable_path/Frameworks",
					"@loader_path/Frameworks",
				);
				PRODUCT_BUNDLE_IDENTIFIER = "com.Appkokeriet.-00-Percent-CalculatorTests";
				PRODUCT_NAME = "$(TARGET_NAME)";
				SWIFT_VERSION = 5.0;
				TARGETED_DEVICE_FAMILY = "1,2";
				TEST_HOST = "$(BUILT_PRODUCTS_DIR)/100 Percent Calculator.app/100 Percent Calculator";
			};
			name = Debug;
		};
		E9B13E682420C7BF00DE8BC5 /* Release */ = {
			isa = XCBuildConfiguration;
			buildSettings = {
				ALWAYS_EMBED_SWIFT_STANDARD_LIBRARIES = YES;
				BUNDLE_LOADER = "$(TEST_HOST)";
				CODE_SIGN_STYLE = Automatic;
				DEVELOPMENT_TEAM = 4Z57UTV2LU;
				INFOPLIST_FILE = "100 Percent CalculatorTests/Info.plist";
				IPHONEOS_DEPLOYMENT_TARGET = 13.2;
				LD_RUNPATH_SEARCH_PATHS = (
					"$(inherited)",
					"@executable_path/Frameworks",
					"@loader_path/Frameworks",
				);
				PRODUCT_BUNDLE_IDENTIFIER = "com.Appkokeriet.-00-Percent-CalculatorTests";
				PRODUCT_NAME = "$(TARGET_NAME)";
				SWIFT_VERSION = 5.0;
				TARGETED_DEVICE_FAMILY = "1,2";
				TEST_HOST = "$(BUILT_PRODUCTS_DIR)/100 Percent Calculator.app/100 Percent Calculator";
			};
			name = Release;
		};
/* End XCBuildConfiguration section */

/* Begin XCConfigurationList section */
		E9B13E3F2420C7BC00DE8BC5 /* Build configuration list for PBXProject "100 Percent Calculator" */ = {
			isa = XCConfigurationList;
			buildConfigurations = (
				E9B13E612420C7BF00DE8BC5 /* Debug */,
				E9B13E622420C7BF00DE8BC5 /* Release */,
			);
			defaultConfigurationIsVisible = 0;
			defaultConfigurationName = Release;
		};
		E9B13E632420C7BF00DE8BC5 /* Build configuration list for PBXNativeTarget "100 Percent Calculator" */ = {
			isa = XCConfigurationList;
			buildConfigurations = (
				E9B13E642420C7BF00DE8BC5 /* Debug */,
				E9B13E652420C7BF00DE8BC5 /* Release */,
			);
			defaultConfigurationIsVisible = 0;
			defaultConfigurationName = Release;
		};
		E9B13E662420C7BF00DE8BC5 /* Build configuration list for PBXNativeTarget "100 Percent CalculatorTests" */ = {
			isa = XCConfigurationList;
			buildConfigurations = (
				E9B13E672420C7BF00DE8BC5 /* Debug */,
				E9B13E682420C7BF00DE8BC5 /* Release */,
			);
			defaultConfigurationIsVisible = 0;
			defaultConfigurationName = Release;
		};
/* End XCConfigurationList section */
	};
	rootObject = E9B13E3C2420C7BC00DE8BC5 /* Project object */;
}
